
Microsoft Visual Studio Solution File, Format Version 12.00
# Visual Studio 15
VisualStudioVersion = 15.0.28010.2046
MinimumVisualStudioVersion = 10.0.40219.1
Project("{9A19103F-16F7-4668-BE54-9A1E7A4F7556}") = "MarkdownLiteTest", "chapter7\MarkdownLiteTest\MarkdownLiteTest.csproj", "{C4532674-9223-46B3-BCDA-091C583456D8}"
EndProject
Project("{9A19103F-16F7-4668-BE54-9A1E7A4F7556}") = "MarkdownService", "chapter7\MarkdownService\MarkdownService.csproj", "{D3CD5C71-D050-42A2-ADCA-440789037697}"
EndProject
Project("{2150E333-8FDC-42A3-9474-1A3956D46DE8}") = "chapter7", "chapter7", "{623D997D-2845-499D-AC80-58DB77B0CDD9}"
EndProject
Project("{2150E333-8FDC-42A3-9474-1A3956D46DE8}") = "chapter10", "chapter10", "{22B9E75E-4F3A-4FB8-9921-33AD1D6D1A26}"
EndProject
Project("{9A19103F-16F7-4668-BE54-9A1E7A4F7556}") = "ACController", "chapter10\ACController\ACController.csproj", "{F52C9D06-0DB0-4451-B519-A60E211B3220}"
EndProject
Project("{9A19103F-16F7-4668-BE54-9A1E7A4F7556}") = "ACControllerMine", "ACControllerMine\ACControllerMine.csproj", "{47380210-C1E8-4F54-A450-7FC634429FAE}"
EndProject
Project("{2150E333-8FDC-42A3-9474-1A3956D46DE8}") = "chapter11", "chapter11", "{0DA3FBA8-DAC6-401C-864F-D2D661E9769D}"
EndProject
Project("{9A19103F-16F7-4668-BE54-9A1E7A4F7556}") = "SampleEventSource", "chapter11\SampleEventSource\SampleEventSource.csproj", "{8BD64A38-126C-476A-9EFF-993552F91AE0}"
EndProject
Project("{9A19103F-16F7-4668-BE54-9A1E7A4F7556}") = "SampleEventSource2", "chapter11\SampleEventSource2\SampleEventSource2.csproj", "{CF6E05B1-A2D5-4103-ABB2-FF5214DA4A50}"
EndProject
Project("{9A19103F-16F7-4668-BE54-9A1E7A4F7556}") = "SampleEventSource3", "chapter11\SampleEventSource3\SampleEventSource3.csproj", "{121C2BBA-BD2E-47C0-9F3F-633A55886972}"
EndProject
Project("{9A19103F-16F7-4668-BE54-9A1E7A4F7556}") = "xplat", "chapter11\xplat\xplat.csproj", "{B33B99DB-C304-4A82-BF85-D8852197C3C3}"
EndProject
Project("{FAE04EC0-301F-11D3-BF4B-00C04F79EFBC}") = "ConsoleApplication1", "chapter11\ConsoleApplication1\ConsoleApplication1.csproj", "{9A2A2DEA-16C3-4D3B-90B5-3DAB6DA0C7D0}"
EndProject
Global
	GlobalSection(SolutionConfigurationPlatforms) = preSolution
		Debug|Any CPU = Debug|Any CPU
		Release|Any CPU = Release|Any CPU
	EndGlobalSection
	GlobalSection(ProjectConfigurationPlatforms) = postSolution
		{C4532674-9223-46B3-BCDA-091C583456D8}.Debug|Any CPU.ActiveCfg = Debug|Any CPU
		{C4532674-9223-46B3-BCDA-091C583456D8}.Debug|Any CPU.Build.0 = Debug|Any CPU
		{C4532674-9223-46B3-BCDA-091C583456D8}.Release|Any CPU.ActiveCfg = Release|Any CPU
		{C4532674-9223-46B3-BCDA-091C583456D8}.Release|Any CPU.Build.0 = Release|Any CPU
		{D3CD5C71-D050-42A2-ADCA-440789037697}.Debug|Any CPU.ActiveCfg = Debug|Any CPU
		{D3CD5C71-D050-42A2-ADCA-440789037697}.Debug|Any CPU.Build.0 = Debug|Any CPU
		{D3CD5C71-D050-42A2-ADCA-440789037697}.Release|Any CPU.ActiveCfg = Release|Any CPU
		{D3CD5C71-D050-42A2-ADCA-440789037697}.Release|Any CPU.Build.0 = Release|Any CPU
		{F52C9D06-0DB0-4451-B519-A60E211B3220}.Debug|Any CPU.ActiveCfg = Debug|Any CPU
		{F52C9D06-0DB0-4451-B519-A60E211B3220}.Debug|Any CPU.Build.0 = Debug|Any CPU
		{F52C9D06-0DB0-4451-B519-A60E211B3220}.Release|Any CPU.ActiveCfg = Release|Any CPU
		{F52C9D06-0DB0-4451-B519-A60E211B3220}.Release|Any CPU.Build.0 = Release|Any CPU
		{47380210-C1E8-4F54-A450-7FC634429FAE}.Debug|Any CPU.ActiveCfg = Debug|Any CPU
		{47380210-C1E8-4F54-A450-7FC634429FAE}.Debug|Any CPU.Build.0 = Debug|Any CPU
		{47380210-C1E8-4F54-A450-7FC634429FAE}.Release|Any CPU.ActiveCfg = Release|Any CPU
		{47380210-C1E8-4F54-A450-7FC634429FAE}.Release|Any CPU.Build.0 = Release|Any CPU
		{8BD64A38-126C-476A-9EFF-993552F91AE0}.Debug|Any CPU.ActiveCfg = Debug|Any CPU
		{8BD64A38-126C-476A-9EFF-993552F91AE0}.Debug|Any CPU.Build.0 = Debug|Any CPU
		{8BD64A38-126C-476A-9EFF-993552F91AE0}.Release|Any CPU.ActiveCfg = Release|Any CPU
		{8BD64A38-126C-476A-9EFF-993552F91AE0}.Release|Any CPU.Build.0 = Release|Any CPU
		{CF6E05B1-A2D5-4103-ABB2-FF5214DA4A50}.Debug|Any CPU.ActiveCfg = Debug|Any CPU
		{CF6E05B1-A2D5-4103-ABB2-FF5214DA4A50}.Debug|Any CPU.Build.0 = Debug|Any CPU
		{CF6E05B1-A2D5-4103-ABB2-FF5214DA4A50}.Release|Any CPU.ActiveCfg = Release|Any CPU
		{CF6E05B1-A2D5-4103-ABB2-FF5214DA4A50}.Release|Any CPU.Build.0 = Release|Any CPU
		{121C2BBA-BD2E-47C0-9F3F-633A55886972}.Debug|Any CPU.ActiveCfg = Debug|Any CPU
		{121C2BBA-BD2E-47C0-9F3F-633A55886972}.Debug|Any CPU.Build.0 = Debug|Any CPU
		{121C2BBA-BD2E-47C0-9F3F-633A55886972}.Release|Any CPU.ActiveCfg = Release|Any CPU
		{121C2BBA-BD2E-47C0-9F3F-633A55886972}.Release|Any CPU.Build.0 = Release|Any CPU
		{B33B99DB-C304-4A82-BF85-D8852197C3C3}.Debug|Any CPU.ActiveCfg = Debug|Any CPU
		{B33B99DB-C304-4A82-BF85-D8852197C3C3}.Debug|Any CPU.Build.0 = Debug|Any CPU
		{B33B99DB-C304-4A82-BF85-D8852197C3C3}.Release|Any CPU.ActiveCfg = Release|Any CPU
		{B33B99DB-C304-4A82-BF85-D8852197C3C3}.Release|Any CPU.Build.0 = Release|Any CPU
		{9A2A2DEA-16C3-4D3B-90B5-3DAB6DA0C7D0}.Debug|Any CPU.ActiveCfg = Debug|Any CPU
		{9A2A2DEA-16C3-4D3B-90B5-3DAB6DA0C7D0}.Debug|Any CPU.Build.0 = Debug|Any CPU
		{9A2A2DEA-16C3-4D3B-90B5-3DAB6DA0C7D0}.Release|Any CPU.ActiveCfg = Release|Any CPU
		{9A2A2DEA-16C3-4D3B-90B5-3DAB6DA0C7D0}.Release|Any CPU.Build.0 = Release|Any CPU
	EndGlobalSection
	GlobalSection(SolutionProperties) = preSolution
		HideSolutionNode = FALSE
	EndGlobalSection
	GlobalSection(NestedProjects) = preSolution
		{C4532674-9223-46B3-BCDA-091C583456D8} = {623D997D-2845-499D-AC80-58DB77B0CDD9}
		{D3CD5C71-D050-42A2-ADCA-440789037697} = {623D997D-2845-499D-AC80-58DB77B0CDD9}
		{F52C9D06-0DB0-4451-B519-A60E211B3220} = {22B9E75E-4F3A-4FB8-9921-33AD1D6D1A26}
		{47380210-C1E8-4F54-A450-7FC634429FAE} = {22B9E75E-4F3A-4FB8-9921-33AD1D6D1A26}
		{8BD64A38-126C-476A-9EFF-993552F91AE0} = {0DA3FBA8-DAC6-401C-864F-D2D661E9769D}
		{CF6E05B1-A2D5-4103-ABB2-FF5214DA4A50} = {0DA3FBA8-DAC6-401C-864F-D2D661E9769D}
		{121C2BBA-BD2E-47C0-9F3F-633A55886972} = {0DA3FBA8-DAC6-401C-864F-D2D661E9769D}
		{B33B99DB-C304-4A82-BF85-D8852197C3C3} = {0DA3FBA8-DAC6-401C-864F-D2D661E9769D}
		{9A2A2DEA-16C3-4D3B-90B5-3DAB6DA0C7D0} = {0DA3FBA8-DAC6-401C-864F-D2D661E9769D}
	EndGlobalSection
	GlobalSection(ExtensibilityGlobals) = postSolution
		SolutionGuid = {91C095D1-DE74-4F29-B0D5-9FA21CD4479D}
	EndGlobalSection
EndGlobal
